Microsoft Visual Studio Solution File, Format Version 12.00
# Visual Studio Version 17
VisualStudioVersion = 17.5.2.0
MinimumVisualStudioVersion = 10.0.40219.1
Project("{FAE04EC0-301F-11D3-BF4B-00C04F79EFBC}") = "HR_Recruitment_Tool", "HR_Recruitment_Tool\HR_Recruitment_Tool.csproj", "{D00B8AC9-295D-2DA7-BE85-2B68369B7B51}"
EndProject
Global
	GlobalSection(SolutionConfigurationPlatforms) = preSolution
		Debug|Any CPU = Debug|Any CPU
		Release|Any CPU = Release|Any CPU
	EndGlobalSection
	GlobalSection(ProjectConfigurationPlatforms) = postSolution
		{D00B8AC9-295D-2DA7-BE85-2B68369B7B51}.Debug|Any CPU.ActiveCfg = Debug|Any CPU
		{D00B8AC9-295D-2DA7-BE85-2B68369B7B51}.Debug|Any CPU.Build.0 = Debug|Any CPU
		{D00B8AC9-295D-2DA7-BE85-2B68369B7B51}.Release|Any CPU.ActiveCfg = Release|Any CPU
		{D00B8AC9-295D-2DA7-BE85-2B68369B7B51}.Release|Any CPU.Build.0 = Release|Any CPU
	EndGlobalSection
	GlobalSection(SolutionProperties) = preSolution
		HideSolutionNode = FALSE
	EndGlobalSection
	GlobalSection(ExtensibilityGlobals) = postSolution
		SolutionGuid = {5A5D79C8-E11F-4F96-A490-F0C639ED6352}
	EndGlobalSection
EndGlobal
